{
    "requires": true,
    "lockfileVersion": 1,
    "dependencies": {
        "screenfull": {
            "version": "4.2.0",
            "resolved": "https://registry.npmjs.org/screenfull/-/screenfull-4.2.0.tgz",
            "integrity": "sha512-qpyI9XbwuMJElWRP5vTgxkFAl4k7HpyhIqBFOZEwX9QBXn0MAuRSpn7LOc6/4CeSwoz61oBu1VPV+2fbIWC+5Q=="
        }
    }
}
